
Microsoft Visual Studio Solution File, Format Version 12.00
# Visual Studio Version 17
VisualStudioVersion = 17.7.34024.191
MinimumVisualStudioVersion = 10.0.40219.1
Project("{FAE04EC0-301F-11D3-BF4B-00C04F79EFBC}") = "MealPlanner.Server", "MealPlanner\Server\MealPlanner.Server.csproj", "{0D328409-C363-4B62-AE54-87F43E18C705}"
EndProject
Project("{FAE04EC0-301F-11D3-BF4B-00C04F79EFBC}") = "MealPlanner.Client", "MealPlanner\Client\MealPlanner.Client.csproj", "{870A3C03-5DCE-4539-B9F2-A93F2081C2FD}"
EndProject
Project("{FAE04EC0-301F-11D3-BF4B-00C04F79EFBC}") = "MealPlanner.Shared", "MealPlanner\Shared\MealPlanner.Shared.csproj", "{89B8C002-1960-4C44-B5E3-841DB89363C0}"
EndProject
Project("{FAE04EC0-301F-11D3-BF4B-00C04F79EFBC}") = "MealPlanner.Application", "MealPlanner.Application\MealPlanner.Application.csproj", "{F3C39FCD-9782-4899-AD10-562A31918DD5}"
EndProject
Project("{FAE04EC0-301F-11D3-BF4B-00C04F79EFBC}") = "MealPlanner.Common", "MealPlanner.Common\MealPlanner.Common.csproj", "{7E7D61F6-D700-4E58-B801-BBB0B53B3708}"
EndProject
Global
	GlobalSection(SolutionConfigurationPlatforms) = preSolution
		Debug|Any CPU = Debug|Any CPU
		Release|Any CPU = Release|Any CPU
	EndGlobalSection
	GlobalSection(ProjectConfigurationPlatforms) = postSolution
		{0D328409-C363-4B62-AE54-87F43E18C705}.Debug|Any CPU.ActiveCfg = Debug|Any CPU
		{0D328409-C363-4B62-AE54-87F43E18C705}.Debug|Any CPU.Build.0 = Debug|Any CPU
		{0D328409-C363-4B62-AE54-87F43E18C705}.Release|Any CPU.ActiveCfg = Release|Any CPU
		{0D328409-C363-4B62-AE54-87F43E18C705}.Release|Any CPU.Build.0 = Release|Any CPU
		{870A3C03-5DCE-4539-B9F2-A93F2081C2FD}.Debug|Any CPU.ActiveCfg = Debug|Any CPU
		{870A3C03-5DCE-4539-B9F2-A93F2081C2FD}.Debug|Any CPU.Build.0 = Debug|Any CPU
		{870A3C03-5DCE-4539-B9F2-A93F2081C2FD}.Release|Any CPU.ActiveCfg = Release|Any CPU
		{870A3C03-5DCE-4539-B9F2-A93F2081C2FD}.Release|Any CPU.Build.0 = Release|Any CPU
		{89B8C002-1960-4C44-B5E3-841DB89363C0}.Debug|Any CPU.ActiveCfg = Debug|Any CPU
		{89B8C002-1960-4C44-B5E3-841DB89363C0}.Debug|Any CPU.Build.0 = Debug|Any CPU
		{89B8C002-1960-4C44-B5E3-841DB89363C0}.Release|Any CPU.ActiveCfg = Release|Any CPU
		{89B8C002-1960-4C44-B5E3-841DB89363C0}.Release|Any CPU.Build.0 = Release|Any CPU
		{F3C39FCD-9782-4899-AD10-562A31918DD5}.Debug|Any CPU.ActiveCfg = Debug|Any CPU
		{F3C39FCD-9782-4899-AD10-562A31918DD5}.Debug|Any CPU.Build.0 = Debug|Any CPU
		{F3C39FCD-9782-4899-AD10-562A31918DD5}.Release|Any CPU.ActiveCfg = Release|Any CPU
		{F3C39FCD-9782-4899-AD10-562A31918DD5}.Release|Any CPU.Build.0 = Release|Any CPU
		{7E7D61F6-D700-4E58-B801-BBB0B53B3708}.Debug|Any CPU.ActiveCfg = Debug|Any CPU
		{7E7D61F6-D700-4E58-B801-BBB0B53B3708}.Debug|Any CPU.Build.0 = Debug|Any CPU
		{7E7D61F6-D700-4E58-B801-BBB0B53B3708}.Release|Any CPU.ActiveCfg = Release|Any CPU
		{7E7D61F6-D700-4E58-B801-BBB0B53B3708}.Release|Any CPU.Build.0 = Release|Any CPU
	EndGlobalSection
	GlobalSection(SolutionProperties) = preSolution
		HideSolutionNode = FALSE
	EndGlobalSection
	GlobalSection(ExtensibilityGlobals) = postSolution
		SolutionGuid = {B5D8FCE8-031F-47FA-8462-0DD8EDF9F0FB}
	EndGlobalSection
EndGlobal
